<?xml version="1.0" encoding="utf-8"?>
<Project ToolsVersion="4.0" xmlns="http://schemas.microsoft.com/developer/msbuild/2003">
  <ItemGroup>
    <Filter Include="리소스 파일">
      <UniqueIdentifier>{67DA6AB6-F800-4c08-8B7A-83BB121AAD01}</UniqueIdentifier>
      <Extensions>rc;ico;cur;bmp;dlg;rc2;rct;bin;rgs;gif;jpg;jpeg;jpe;resx;tiff;tif;png;wav;mfcribbon-ms</Extensions>
    </Filter>
    <Filter Include="a00_클래스 템플릿 Stack의 구현">
      <UniqueIdentifier>{6d931929-f0ac-4f66-b97e-51f7e1ee21ae}</UniqueIdentifier>
    </Filter>
    <Filter Include="a01_클래스 템플릿 Stack의 사용">
      <UniqueIdentifier>{ece382cc-794c-48ff-a241-f2b17405d207}</UniqueIdentifier>
    </Filter>
    <Filter Include="a02_클래스 템플릿의 일부 사용">
      <UniqueIdentifier>{e0562efb-4b88-43f7-8b5b-45d8ca108bd0}</UniqueIdentifier>
    </Filter>
    <Filter Include="a03_프렌드">
      <UniqueIdentifier>{8f979188-9b3f-4751-8b07-9948d3b56fb3}</UniqueIdentifier>
    </Filter>
    <Filter Include="a04_클래스 템플릿의 특수화">
      <UniqueIdentifier>{84d287ee-228b-4fe3-8e22-b7ebd8872b3b}</UniqueIdentifier>
    </Filter>
    <Filter Include="a05_부분 특수화">
      <UniqueIdentifier>{dd697fd5-b951-4e08-813e-0140edaac97c}</UniqueIdentifier>
    </Filter>
    <Filter Include="a06_기본 클래스 템플릿 인자">
      <UniqueIdentifier>{4cd98edf-1b55-4b4e-a5d1-428a78f7f7dd}</UniqueIdentifier>
    </Filter>
    <Filter Include="a07_형식 별칭">
      <UniqueIdentifier>{c54b9a37-40e3-4c99-a6e5-5dbad425d3fd}</UniqueIdentifier>
    </Filter>
    <Filter Include="a08_템플릿 클래스 인자 영역">
      <UniqueIdentifier>{92ab2f21-ce33-471e-a513-af74567ed3b8}</UniqueIdentifier>
    </Filter>
    <Filter Include="a09_템플릿화된 집합">
      <UniqueIdentifier>{2d9f704f-1777-4421-97c9-48f98addf145}</UniqueIdentifier>
    </Filter>
  </ItemGroup>
  <ItemGroup>
    <ClCompile Include="a00_클래스 템플릿 Stack의 구현\stack1.hpp">
      <Filter>a00_클래스 템플릿 Stack의 구현</Filter>
    </ClCompile>
    <ClCompile Include="a01_클래스 템플릿 Stack의 사용\stack1test.cpp">
      <Filter>a01_클래스 템플릿 Stack의 사용</Filter>
    </ClCompile>
    <ClCompile Include="a03_프렌드\example1.hpp">
      <Filter>a03_프렌드</Filter>
    </ClCompile>
    <ClCompile Include="a06_기본 클래스 템플릿 인자\stack3test.cpp">
      <Filter>a06_기본 클래스 템플릿 인자</Filter>
    </ClCompile>
    <ClCompile Include="a07_형식 별칭\example1.cpp">
      <Filter>a07_형식 별칭</Filter>
    </ClCompile>
    <ClCompile Include="a08_템플릿 클래스 인자 영역\example1.cpp">
      <Filter>a08_템플릿 클래스 인자 영역</Filter>
    </ClCompile>
  </ItemGroup>
  <ItemGroup>
    <ClInclude Include="a04_클래스 템플릿의 특수화\stack2.hpp">
      <Filter>a04_클래스 템플릿의 특수화</Filter>
    </ClInclude>
    <ClInclude Include="a05_부분 특수화\stackpartspec.hpp">
      <Filter>a05_부분 특수화</Filter>
    </ClInclude>
    <ClInclude Include="a06_기본 클래스 템플릿 인자\stack3.hpp">
      <Filter>a06_기본 클래스 템플릿 인자</Filter>
    </ClInclude>
    <ClInclude Include="a09_템플릿화된 집합\example1.cpp">
      <Filter>a09_템플릿화된 집합</Filter>
    </ClInclude>
    <ClInclude Include="a02_클래스 템플릿의 일부 사용\example1.hpp">
      <Filter>a02_클래스 템플릿의 일부 사용</Filter>
    </ClInclude>
  </ItemGroup>
</Project>