<?xml version="1.0" encoding="utf-8"?>
<Project ToolsVersion="4.0" xmlns="http://schemas.microsoft.com/developer/msbuild/2003">
  <ItemGroup>
    <Filter Include="a00_키워드 typename">
      <UniqueIdentifier>{b3cbd82a-9784-400d-bc86-0eb7982288e5}</UniqueIdentifier>
    </Filter>
    <Filter Include="a01_0 초기화">
      <UniqueIdentifier>{877de7cf-9151-430d-a325-76db46ba4028}</UniqueIdentifier>
    </Filter>
    <Filter Include="a02_this 사용">
      <UniqueIdentifier>{6eae71d2-c986-4747-9bf0-adfe24810005}</UniqueIdentifier>
    </Filter>
    <Filter Include="a03_원시 배열과 문자열 리터럴을 사용하는 템플릿">
      <UniqueIdentifier>{3c264201-d59d-47de-aaaf-b3474596fcc1}</UniqueIdentifier>
    </Filter>
    <Filter Include="a04_멤버 템플릿">
      <UniqueIdentifier>{c783762b-121f-4bc9-9be7-7285b8c2637a}</UniqueIdentifier>
    </Filter>
    <Filter Include="a05_변수 템플릿">
      <UniqueIdentifier>{430bb1d2-c9e0-45ba-9c89-7a252060cc8e}</UniqueIdentifier>
    </Filter>
    <Filter Include="a06_템플릿 템플릿 파라미터">
      <UniqueIdentifier>{63058b9c-6bb8-4814-85db-98077d7af2e4}</UniqueIdentifier>
    </Filter>
  </ItemGroup>
  <ItemGroup>
    <ClInclude Include="a00_키워드 typename\example1.hpp">
      <Filter>a00_키워드 typename</Filter>
    </ClInclude>
    <ClInclude Include="a00_키워드 typename\printcoll.hpp">
      <Filter>a00_키워드 typename</Filter>
    </ClInclude>
    <ClInclude Include="a01_0 초기화\example1.hpp">
      <Filter>a01_0 초기화</Filter>
    </ClInclude>
    <ClInclude Include="a03_원시 배열과 문자열 리터럴을 사용하는 템플릿\lessarray.hpp">
      <Filter>a03_원시 배열과 문자열 리터럴을 사용하는 템플릿</Filter>
    </ClInclude>
    <ClInclude Include="a03_원시 배열과 문자열 리터럴을 사용하는 템플릿\lessstring.hpp">
      <Filter>a03_원시 배열과 문자열 리터럴을 사용하는 템플릿</Filter>
    </ClInclude>
    <ClInclude Include="a03_원시 배열과 문자열 리터럴을 사용하는 템플릿\arrays.hpp">
      <Filter>a03_원시 배열과 문자열 리터럴을 사용하는 템플릿</Filter>
    </ClInclude>
    <ClInclude Include="a04_멤버 템플릿\stack5decl.hpp">
      <Filter>a04_멤버 템플릿</Filter>
    </ClInclude>
    <ClInclude Include="a04_멤버 템플릿\stack6decl.hpp">
      <Filter>a04_멤버 템플릿</Filter>
    </ClInclude>
    <ClInclude Include="a04_멤버 템플릿\stack6assign.hpp">
      <Filter>a04_멤버 템플릿</Filter>
    </ClInclude>
    <ClInclude Include="a04_멤버 템플릿\stack7decl.hpp">
      <Filter>a04_멤버 템플릿</Filter>
    </ClInclude>
    <ClInclude Include="a04_멤버 템플릿\stack7assign.hpp">
      <Filter>a04_멤버 템플릿</Filter>
    </ClInclude>
    <ClInclude Include="a04_멤버 템플릿\boolstring.hpp">
      <Filter>a04_멤버 템플릿</Filter>
    </ClInclude>
    <ClInclude Include="a04_멤버 템플릿\boolstringgetbool.hpp">
      <Filter>a04_멤버 템플릿</Filter>
    </ClInclude>
    <ClInclude Include="a05_변수 템플릿\example1.hpp">
      <Filter>a05_변수 템플릿</Filter>
    </ClInclude>
    <ClInclude Include="a05_변수 템플릿\header.hpp">
      <Filter>a05_변수 템플릿</Filter>
    </ClInclude>
    <ClInclude Include="a05_변수 템플릿\example2.hpp">
      <Filter>a05_변수 템플릿</Filter>
    </ClInclude>
    <ClInclude Include="a05_변수 템플릿\example3.hpp">
      <Filter>a05_변수 템플릿</Filter>
    </ClInclude>
    <ClInclude Include="a06_템플릿 템플릿 파라미터\stack8decl.hpp">
      <Filter>a06_템플릿 템플릿 파라미터</Filter>
    </ClInclude>
    <ClInclude Include="a06_템플릿 템플릿 파라미터\stack9.hpp">
      <Filter>a06_템플릿 템플릿 파라미터</Filter>
    </ClInclude>
  </ItemGroup>
  <ItemGroup>
    <ClCompile Include="a02_this 사용\example1.cpp">
      <Filter>a02_this 사용</Filter>
    </ClCompile>
    <ClCompile Include="a03_원시 배열과 문자열 리터럴을 사용하는 템플릿\arrays.cpp">
      <Filter>a03_원시 배열과 문자열 리터럴을 사용하는 템플릿</Filter>
    </ClCompile>
    <ClCompile Include="a04_멤버 템플릿\example1.cpp">
      <Filter>a04_멤버 템플릿</Filter>
    </ClCompile>
    <ClCompile Include="a05_변수 템플릿\example4.hpp">
      <Filter>a05_변수 템플릿</Filter>
    </ClCompile>
    <ClCompile Include="a06_템플릿 템플릿 파라미터\stack9test.cpp">
      <Filter>a06_템플릿 템플릿 파라미터</Filter>
    </ClCompile>
  </ItemGroup>
</Project>